
Microsoft Visual Studio Solution File, Format Version 12.00
# Visual Studio Version 17
VisualStudioVersion = 17.8.34511.84
MinimumVisualStudioVersion = 10.0.40219.1
Project("{9A19103F-16F7-4668-BE54-9A1E7A4F7556}") = "Lab_RateMyProfessor", "Lab_RateMyProfessor.csproj", "{D1BFCCD6-E064-42D9-AEEA-74A4F37C64AE}"
EndProject
Project("{FAE04EC0-301F-11D3-BF4B-00C04F79EFBC}") = "RateMyProfessorTest", "..\RateMyProfessorTest\RateMyProfessorTest.csproj", "{24BB97DC-1F06-47ED-92BC-432A2BFF91BB}"
EndProject
Global
	GlobalSection(SolutionConfigurationPlatforms) = preSolution
		Debug|Any CPU = Debug|Any CPU
		Release|Any CPU = Release|Any CPU
	EndGlobalSection
	GlobalSection(ProjectConfigurationPlatforms) = postSolution
		{D1BFCCD6-E064-42D9-AEEA-74A4F37C64AE}.Debug|Any CPU.ActiveCfg = Debug|Any CPU
		{D1BFCCD6-E064-42D9-AEEA-74A4F37C64AE}.Debug|Any CPU.Build.0 = Debug|Any CPU
		{D1BFCCD6-E064-42D9-AEEA-74A4F37C64AE}.Release|Any CPU.ActiveCfg = Release|Any CPU
		{D1BFCCD6-E064-42D9-AEEA-74A4F37C64AE}.Release|Any CPU.Build.0 = Release|Any CPU
		{24BB97DC-1F06-47ED-92BC-432A2BFF91BB}.Debug|Any CPU.ActiveCfg = Debug|Any CPU
		{24BB97DC-1F06-47ED-92BC-432A2BFF91BB}.Debug|Any CPU.Build.0 = Debug|Any CPU
		{24BB97DC-1F06-47ED-92BC-432A2BFF91BB}.Release|Any CPU.ActiveCfg = Release|Any CPU
		{24BB97DC-1F06-47ED-92BC-432A2BFF91BB}.Release|Any CPU.Build.0 = Release|Any CPU
	EndGlobalSection
	GlobalSection(SolutionProperties) = preSolution
		HideSolutionNode = FALSE
	EndGlobalSection
	GlobalSection(ExtensibilityGlobals) = postSolution
		SolutionGuid = {1FD64693-7FA6-4023-A330-D5F64BDECE88}
	EndGlobalSection
EndGlobal
